// !$*UTF8*$!
{
	archiveVersion = 1;
	classes = {
	};
	objectVersion = 55;
	objects = {

/* Begin PBXBuildFile section */
		DA0D994A291C989600E2E717 /* GoogleService-Info.plist in Resources */ = {isa = PBXBuildFile; fileRef = DA0D9949291C989500E2E717 /* GoogleService-Info.plist */; };
		DA0D994D291CB23800E2E717 /* FirebaseAnalytics in Frameworks */ = {isa = PBXBuildFile; productRef = DA0D994C291CB23800E2E717 /* FirebaseAnalytics */; };
		DA0D994F291CB23800E2E717 /* FirebaseAuth in Frameworks */ = {isa = PBXBuildFile; productRef = DA0D994E291CB23800E2E717 /* FirebaseAuth */; };
		DA0D9951291CB23800E2E717 /* FirebaseAuthCombine-Community in Frameworks */ = {isa = PBXBuildFile; productRef = DA0D9950291CB23800E2E717 /* FirebaseAuthCombine-Community */; };
		DA0D9953291CB23800E2E717 /* FirebaseDatabase in Frameworks */ = {isa = PBXBuildFile; productRef = DA0D9952291CB23800E2E717 /* FirebaseDatabase */; };
		DA0D9955291CB23800E2E717 /* FirebaseDatabaseSwift in Frameworks */ = {isa = PBXBuildFile; productRef = DA0D9954291CB23800E2E717 /* FirebaseDatabaseSwift */; };
		DA0D9957291CB23800E2E717 /* FirebaseInAppMessaging-Beta in Frameworks */ = {isa = PBXBuildFile; productRef = DA0D9956291CB23800E2E717 /* FirebaseInAppMessaging-Beta */; };
		DA0D9959291CB23800E2E717 /* FirebaseInAppMessagingSwift-Beta in Frameworks */ = {isa = PBXBuildFile; productRef = DA0D9958291CB23800E2E717 /* FirebaseInAppMessagingSwift-Beta */; };
		DA0D995B291CB23800E2E717 /* FirebaseMessaging in Frameworks */ = {isa = PBXBuildFile; productRef = DA0D995A291CB23800E2E717 /* FirebaseMessaging */; };
		DA0D9961292017BC00E2E717 /* HomeViewController.swift in Sources */ = {isa = PBXBuildFile; fileRef = DA0D9960292017BC00E2E717 /* HomeViewController.swift */; };
		DA0D996329201F3000E2E717 /* TinderViewController.swift in Sources */ = {isa = PBXBuildFile; fileRef = DA0D996229201F3000E2E717 /* TinderViewController.swift */; };
		DA0D9965292020D300E2E717 /* TinderView.swift in Sources */ = {isa = PBXBuildFile; fileRef = DA0D9964292020D300E2E717 /* TinderView.swift */; };
		DA0D996B29204D2E00E2E717 /* MatchesViewController.swift in Sources */ = {isa = PBXBuildFile; fileRef = DA0D996A29204D2D00E2E717 /* MatchesViewController.swift */; };
		DA738EC5291B3F9000BBF20F /* AppDelegate.swift in Sources */ = {isa = PBXBuildFile; fileRef = DA738EC4291B3F9000BBF20F /* AppDelegate.swift */; };
		DA738EC7291B3F9000BBF20F /* SceneDelegate.swift in Sources */ = {isa = PBXBuildFile; fileRef = DA738EC6291B3F9000BBF20F /* SceneDelegate.swift */; };
		DA738EC9291B3F9000BBF20F /* ViewController.swift in Sources */ = {isa = PBXBuildFile; fileRef = DA738EC8291B3F9000BBF20F /* ViewController.swift */; };
		DA738ECC291B3F9000BBF20F /* Main.storyboard in Resources */ = {isa = PBXBuildFile; fileRef = DA738ECA291B3F9000BBF20F /* Main.storyboard */; };
		DA738ECE291B3F9900BBF20F /* Assets.xcassets in Resources */ = {isa = PBXBuildFile; fileRef = DA738ECD291B3F9900BBF20F /* Assets.xcassets */; };
		DA738ED1291B3F9900BBF20F /* LaunchScreen.storyboard in Resources */ = {isa = PBXBuildFile; fileRef = DA738ECF291B3F9900BBF20F /* LaunchScreen.storyboard */; };
		DA738EDC291B3F9A00BBF20F /* test2Tests.swift in Sources */ = {isa = PBXBuildFile; fileRef = DA738EDB291B3F9A00BBF20F /* test2Tests.swift */; };
		DA738EE6291B3F9A00BBF20F /* test2UITests.swift in Sources */ = {isa = PBXBuildFile; fileRef = DA738EE5291B3F9A00BBF20F /* test2UITests.swift */; };
		DA738EE8291B3F9A00BBF20F /* test2UITestsLaunchTests.swift in Sources */ = {isa = PBXBuildFile; fileRef = DA738EE7291B3F9A00BBF20F /* test2UITestsLaunchTests.swift */; };
/* End PBXBuildFile section */

/* Begin PBXContainerItemProxy section */
		DA738ED8291B3F9A00BBF20F /* PBXContainerItemProxy */ = {
			isa = PBXContainerItemProxy;
			containerPortal = DA738EB9291B3F9000BBF20F /* Project object */;
			proxyType = 1;
			remoteGlobalIDString = DA738EC0291B3F9000BBF20F;
			remoteInfo = test2;
		};
		DA738EE2291B3F9A00BBF20F /* PBXContainerItemProxy */ = {
			isa = PBXContainerItemProxy;
			containerPortal = DA738EB9291B3F9000BBF20F /* Project object */;
			proxyType = 1;
			remoteGlobalIDString = DA738EC0291B3F9000BBF20F;
			remoteInfo = test2;
		};
/* End PBXContainerItemProxy section */

/* Begin PBXFileReference section */
		DA0D9949291C989500E2E717 /* GoogleService-Info.plist */ = {isa = PBXFileReference; fileEncoding = 4; lastKnownFileType = text.plist.xml; path = "GoogleService-Info.plist"; sourceTree = "<group>"; };
		DA0D9960292017BC00E2E717 /* HomeViewController.swift */ = {isa = PBXFileReference; lastKnownFileType = sourcecode.swift; path = HomeViewController.swift; sourceTree = "<group>"; };
		DA0D996229201F3000E2E717 /* TinderViewController.swift */ = {isa = PBXFileReference; lastKnownFileType = sourcecode.swift; path = TinderViewController.swift; sourceTree = "<group>"; };
		DA0D9964292020D300E2E717 /* TinderView.swift */ = {isa = PBXFileReference; lastKnownFileType = sourcecode.swift; path = TinderView.swift; sourceTree = "<group>"; };
		DA0D996A29204D2D00E2E717 /* MatchesViewController.swift */ = {isa = PBXFileReference; lastKnownFileType = sourcecode.swift; path = MatchesViewController.swift; sourceTree = "<group>"; };
		DA738EC1291B3F9000BBF20F /* test2.app */ = {isa = PBXFileReference; explicitFileType = wrapper.application; includeInIndex = 0; path = test2.app; sourceTree = BUILT_PRODUCTS_DIR; };
		DA738EC4291B3F9000BBF20F /* AppDelegate.swift */ = {isa = PBXFileReference; lastKnownFileType = sourcecode.swift; path = AppDelegate.swift; sourceTree = "<group>"; };
		DA738EC6291B3F9000BBF20F /* SceneDelegate.swift */ = {isa = PBXFileReference; lastKnownFileType = sourcecode.swift; path = SceneDelegate.swift; sourceTree = "<group>"; };
		DA738EC8291B3F9000BBF20F /* ViewController.swift */ = {isa = PBXFileReference; lastKnownFileType = sourcecode.swift; path = ViewController.swift; sourceTree = "<group>"; };
		DA738ECB291B3F9000BBF20F /* Base */ = {isa = PBXFileReference; lastKnownFileType = file.storyboard; name = Base; path = Base.lproj/Main.storyboard; sourceTree = "<group>"; };
		DA738ECD291B3F9900BBF20F /* Assets.xcassets */ = {isa = PBXFileReference; lastKnownFileType = folder.assetcatalog; path = Assets.xcassets; sourceTree = "<group>"; };
		DA738ED0291B3F9900BBF20F /* Base */ = {isa = PBXFileReference; lastKnownFileType = file.storyboard; name = Base; path = Base.lproj/LaunchScreen.storyboard; sourceTree = "<group>"; };
		DA738ED2291B3F9900BBF20F /* Info.plist */ = {isa = PBXFileReference; lastKnownFileType = text.plist.xml; path = Info.plist; sourceTree = "<group>"; };
		DA738ED7291B3F9A00BBF20F /* test2Tests.xctest */ = {isa = PBXFileReference; explicitFileType = wrapper.cfbundle; includeInIndex = 0; path = test2Tests.xctest; sourceTree = BUILT_PRODUCTS_DIR; };
		DA738EDB291B3F9A00BBF20F /* test2Tests.swift */ = {isa = PBXFileReference; lastKnownFileType = sourcecode.swift; path = test2Tests.swift; sourceTree = "<group>"; };
		DA738EE1291B3F9A00BBF20F /* test2UITests.xctest */ = {isa = PBXFileReference; explicitFileType = wrapper.cfbundle; includeInIndex = 0; path = test2UITests.xctest; sourceTree = BUILT_PRODUCTS_DIR; };
		DA738EE5291B3F9A00BBF20F /* test2UITests.swift */ = {isa = PBXFileReference; lastKnownFileType = sourcecode.swift; path = test2UITests.swift; sourceTree = "<group>"; };
		DA738EE7291B3F9A00BBF20F /* test2UITestsLaunchTests.swift */ = {isa = PBXFileReference; lastKnownFileType = sourcecode.swift; path = test2UITestsLaunchTests.swift; sourceTree = "<group>"; };
/* End PBXFileReference section */

/* Begin PBXFrameworksBuildPhase section */
		DA738EBE291B3F9000BBF20F /* Frameworks */ = {
			isa = PBXFrameworksBuildPhase;
			buildActionMask = 2147483647;
			files = (
				DA0D995B291CB23800E2E717 /* FirebaseMessaging in Frameworks */,
				DA0D9955291CB23800E2E717 /* FirebaseDatabaseSwift in Frameworks */,
				DA0D994D291CB23800E2E717 /* FirebaseAnalytics in Frameworks */,
				DA0D9959291CB23800E2E717 /* FirebaseInAppMessagingSwift-Beta in Frameworks */,
				DA0D9951291CB23800E2E717 /* FirebaseAuthCombine-Community in Frameworks */,
				DA0D9953291CB23800E2E717 /* FirebaseDatabase in Frameworks */,
				DA0D994F291CB23800E2E717 /* FirebaseAuth in Frameworks */,
				DA0D9957291CB23800E2E717 /* FirebaseInAppMessaging-Beta in Frameworks */,
			);
			runOnlyForDeploymentPostprocessing = 0;
		};
		DA738ED4291B3F9A00BBF20F /* Frameworks */ = {
			isa = PBXFrameworksBuildPhase;
			buildActionMask = 2147483647;
			files = (
			);
			runOnlyForDeploymentPostprocessing = 0;
		};
		DA738EDE291B3F9A00BBF20F /* Frameworks */ = {
			isa = PBXFrameworksBuildPhase;
			buildActionMask = 2147483647;
			files = (
			);
			runOnlyForDeploymentPostprocessing = 0;
		};
/* End PBXFrameworksBuildPhase section */

/* Begin PBXGroup section */
		DA738EB8291B3F9000BBF20F = {
			isa = PBXGroup;
			children = (
				DA738EC3291B3F9000BBF20F /* test2 */,
				DA738EDA291B3F9A00BBF20F /* test2Tests */,
				DA738EE4291B3F9A00BBF20F /* test2UITests */,
				DA738EC2291B3F9000BBF20F /* Products */,
			);
			sourceTree = "<group>";
		};
		DA738EC2291B3F9000BBF20F /* Products */ = {
			isa = PBXGroup;
			children = (
				DA738EC1291B3F9000BBF20F /* test2.app */,
				DA738ED7291B3F9A00BBF20F /* test2Tests.xctest */,
				DA738EE1291B3F9A00BBF20F /* test2UITests.xctest */,
			);
			name = Products;
			sourceTree = "<group>";
		};
		DA738EC3291B3F9000BBF20F /* test2 */ = {
			isa = PBXGroup;
			children = (
				DA738EC4291B3F9000BBF20F /* AppDelegate.swift */,
				DA738EC6291B3F9000BBF20F /* SceneDelegate.swift */,
				DA738EC8291B3F9000BBF20F /* ViewController.swift */,
				DA738ECA291B3F9000BBF20F /* Main.storyboard */,
				DA738ECD291B3F9900BBF20F /* Assets.xcassets */,
				DA738ECF291B3F9900BBF20F /* LaunchScreen.storyboard */,
				DA738ED2291B3F9900BBF20F /* Info.plist */,
				DA0D9949291C989500E2E717 /* GoogleService-Info.plist */,
				DA0D9960292017BC00E2E717 /* HomeViewController.swift */,
				DA0D996229201F3000E2E717 /* TinderViewController.swift */,
				DA0D9964292020D300E2E717 /* TinderView.swift */,
				DA0D996A29204D2D00E2E717 /* MatchesViewController.swift */,
			);
			path = test2;
			sourceTree = "<group>";
		};
		DA738EDA291B3F9A00BBF20F /* test2Tests */ = {
			isa = PBXGroup;
			children = (
				DA738EDB291B3F9A00BBF20F /* test2Tests.swift */,
			);
			path = test2Tests;
			sourceTree = "<group>";
		};
		DA738EE4291B3F9A00BBF20F /* test2UITests */ = {
			isa = PBXGroup;
			children = (
				DA738EE5291B3F9A00BBF20F /* test2UITests.swift */,
				DA738EE7291B3F9A00BBF20F /* test2UITestsLaunchTests.swift */,
			);
			path = test2UITests;
			sourceTree = "<group>";
		};
/* End PBXGroup section */

/* Begin PBXNativeTarget section */
		DA738EC0291B3F9000BBF20F /* test2 */ = {
			isa = PBXNativeTarget;
			buildConfigurationList = DA738EEB291B3F9A00BBF20F /* Build configuration list for PBXNativeTarget "test2" */;
			buildPhases = (
				DA738EBD291B3F9000BBF20F /* Sources */,
				DA738EBE291B3F9000BBF20F /* Frameworks */,
				DA738EBF291B3F9000BBF20F /* Resources */,
			);
			buildRules = (
			);
			dependencies = (
			);
			name = test2;
			packageProductDependencies = (
				DA0D994C291CB23800E2E717 /* FirebaseAnalytics */,
				DA0D994E291CB23800E2E717 /* FirebaseAuth */,
				DA0D9950291CB23800E2E717 /* FirebaseAuthCombine-Community */,
				DA0D9952291CB23800E2E717 /* FirebaseDatabase */,
				DA0D9954291CB23800E2E717 /* FirebaseDatabaseSwift */,
				DA0D9956291CB23800E2E717 /* FirebaseInAppMessaging-Beta */,
				DA0D9958291CB23800E2E717 /* FirebaseInAppMessagingSwift-Beta */,
				DA0D995A291CB23800E2E717 /* FirebaseMessaging */,
			);
			productName = test2;
			productReference = DA738EC1291B3F9000BBF20F /* test2.app */;
			productType = "com.apple.product-type.application";
		};
		DA738ED6291B3F9A00BBF20F /* test2Tests */ = {
			isa = PBXNativeTarget;
			buildConfigurationList = DA738EEE291B3F9A00BBF20F /* Build configuration list for PBXNativeTarget "test2Tests" */;
			buildPhases = (
				DA738ED3291B3F9A00BBF20F /* Sources */,
				DA738ED4291B3F9A00BBF20F /* Frameworks */,
				DA738ED5291B3F9A00BBF20F /* Resources */,
			);
			buildRules = (
			);
			dependencies = (
				DA738ED9291B3F9A00BBF20F /* PBXTargetDependency */,
			);
			name = test2Tests;
			productName = test2Tests;
			productReference = DA738ED7291B3F9A00BBF20F /* test2Tests.xctest */;
			productType = "com.apple.product-type.bundle.unit-test";
		};
		DA738EE0291B3F9A00BBF20F /* test2UITests */ = {
			isa = PBXNativeTarget;
			buildConfigurationList = DA738EF1291B3F9A00BBF20F /* Build configuration list for PBXNativeTarget "test2UITests" */;
			buildPhases = (
				DA738EDD291B3F9A00BBF20F /* Sources */,
				DA738EDE291B3F9A00BBF20F /* Frameworks */,
				DA738EDF291B3F9A00BBF20F /* Resources */,
			);
			buildRules = (
			);
			dependencies = (
				DA738EE3291B3F9A00BBF20F /* PBXTargetDependency */,
			);
			name = test2UITests;
			productName = test2UITests;
			productReference = DA738EE1291B3F9A00BBF20F /* test2UITests.xctest */;
			productType = "com.apple.product-type.bundle.ui-testing";
		};
/* End PBXNativeTarget section */

/* Begin PBXProject section */
		DA738EB9291B3F9000BBF20F /* Project object */ = {
			isa = PBXProject;
			attributes = {
				BuildIndependentTargetsInParallel = 1;
				LastSwiftUpdateCheck = 1320;
				LastUpgradeCheck = 1320;
				TargetAttributes = {
					DA738EC0291B3F9000BBF20F = {
						CreatedOnToolsVersion = 13.2;
					};
					DA738ED6291B3F9A00BBF20F = {
						CreatedOnToolsVersion = 13.2;
						TestTargetID = DA738EC0291B3F9000BBF20F;
					};
					DA738EE0291B3F9A00BBF20F = {
						CreatedOnToolsVersion = 13.2;
						TestTargetID = DA738EC0291B3F9000BBF20F;
					};
				};
			};
			buildConfigurationList = DA738EBC291B3F9000BBF20F /* Build configuration list for PBXProject "test2" */;
			compatibilityVersion = "Xcode 13.0";
			developmentRegion = en;
			hasScannedForEncodings = 0;
			knownRegions = (
				en,
				Base,
			);
			mainGroup = DA738EB8291B3F9000BBF20F;
			packageReferences = (
				DA0D994B291CB23800E2E717 /* XCRemoteSwiftPackageReference "firebase-ios-sdk" */,
			);
			productRefGroup = DA738EC2291B3F9000BBF20F /* Products */;
			projectDirPath = "";
			projectRoot = "";
			targets = (
				DA738EC0291B3F9000BBF20F /* test2 */,
				DA738ED6291B3F9A00BBF20F /* test2Tests */,
				DA738EE0291B3F9A00BBF20F /* test2UITests */,
			);
		};
/* End PBXProject section */

/* Begin PBXResourcesBuildPhase section */
		DA738EBF291B3F9000BBF20F /* Resources */ = {
			isa = PBXResourcesBuildPhase;
			buildActionMask = 2147483647;
			files = (
				DA738ED1291B3F9900BBF20F /* LaunchScreen.storyboard in Resources */,
				DA0D994A291C989600E2E717 /* GoogleService-Info.plist in Resources */,
				DA738ECE291B3F9900BBF20F /* Assets.xcassets in Resources */,
				DA738ECC291B3F9000BBF20F /* Main.storyboard in Resources */,
			);
			runOnlyForDeploymentPostprocessing = 0;
		};
		DA738ED5291B3F9A00BBF20F /* Resources */ = {
			isa = PBXResourcesBuildPhase;
			buildActionMask = 2147483647;
			files = (
			);
			runOnlyForDeploymentPostprocessing = 0;
		};
		DA738EDF291B3F9A00BBF20F /* Resources */ = {
			isa = PBXResourcesBuildPhase;
			buildActionMask = 2147483647;
			files = (
			);
			runOnlyForDeploymentPostprocessing = 0;
		};
/* End PBXResourcesBuildPhase section */

/* Begin PBXSourcesBuildPhase section */
		DA738EBD291B3F9000BBF20F /* Sources */ = {
			isa = PBXSourcesBuildPhase;
			buildActionMask = 2147483647;
			files = (
				DA0D996B29204D2E00E2E717 /* MatchesViewController.swift in Sources */,
				DA0D9965292020D300E2E717 /* TinderView.swift in Sources */,
				DA0D996329201F3000E2E717 /* TinderViewController.swift in Sources */,
				DA738EC9291B3F9000BBF20F /* ViewController.swift in Sources */,
				DA0D9961292017BC00E2E717 /* HomeViewController.swift in Sources */,
				DA738EC5291B3F9000BBF20F /* AppDelegate.swift in Sources */,
				DA738EC7291B3F9000BBF20F /* SceneDelegate.swift in Sources */,
			);
			runOnlyForDeploymentPostprocessing = 0;
		};
		DA738ED3291B3F9A00BBF20F /* Sources */ = {
			isa = PBXSourcesBuildPhase;
			buildActionMask = 2147483647;
			files = (
				DA738EDC291B3F9A00BBF20F /* test2Tests.swift in Sources */,
			);
			runOnlyForDeploymentPostprocessing = 0;
		};
		DA738EDD291B3F9A00BBF20F /* Sources */ = {
			isa = PBXSourcesBuildPhase;
			buildActionMask = 2147483647;
			files = (
				DA738EE6291B3F9A00BBF20F /* test2UITests.swift in Sources */,
				DA738EE8291B3F9A00BBF20F /* test2UITestsLaunchTests.swift in Sources */,
			);
			runOnlyForDeploymentPostprocessing = 0;
		};
/* End PBXSourcesBuildPhase section */

/* Begin PBXTargetDependency section */
		DA738ED9291B3F9A00BBF20F /* PBXTargetDependency */ = {
			isa = PBXTargetDependency;
			target = DA738EC0291B3F9000BBF20F /* test2 */;
			targetProxy = DA738ED8291B3F9A00BBF20F /* PBXContainerItemProxy */;
		};
		DA738EE3291B3F9A00BBF20F /* PBXTargetDependency */ = {
			isa = PBXTargetDependency;
			target = DA738EC0291B3F9000BBF20F /* test2 */;
			targetProxy = DA738EE2291B3F9A00BBF20F /* PBXContainerItemProxy */;
		};
/* End PBXTargetDependency section */

/* Begin PBXVariantGroup section */
		DA738ECA291B3F9000BBF20F /* Main.storyboard */ = {
			isa = PBXVariantGroup;
			children = (
				DA738ECB291B3F9000BBF20F /* Base */,
			);
			name = Main.storyboard;
			sourceTree = "<group>";
		};
		DA738ECF291B3F9900BBF20F /* LaunchScreen.storyboard */ = {
			isa = PBXVariantGroup;
			children = (
				DA738ED0291B3F9900BBF20F /* Base */,
			);
			name = LaunchScreen.storyboard;
			sourceTree = "<group>";
		};
/* End PBXVariantGroup section */

/* Begin XCBuildConfiguration section */
		DA738EE9291B3F9A00BBF20F /* Debug */ = {
			isa = XCBuildConfiguration;
			buildSettings = {
				ALWAYS_SEARCH_USER_PATHS = NO;
				CLANG_ANALYZER_NONNULL = YES;
				CLANG_ANALYZER_NUMBER_OBJECT_CONVERSION = YES_AGGRESSIVE;
				CLANG_CXX_LANGUAGE_STANDARD = "gnu++17";
				CLANG_CXX_LIBRARY = "libc++";
				CLANG_ENABLE_MODULES = YES;
				CLANG_ENABLE_OBJC_ARC = YES;
				CLANG_ENABLE_OBJC_WEAK = YES;
				CLANG_WARN_BLOCK_CAPTURE_AUTORELEASING = YES;
				CLANG_WARN_BOOL_CONVERSION = YES;
				CLANG_WARN_COMMA = YES;
				CLANG_WARN_CONSTANT_CONVERSION = YES;
				CLANG_WARN_DEPRECATED_OBJC_IMPLEMENTATIONS = YES;
				CLANG_WARN_DIRECT_OBJC_ISA_USAGE = YES_ERROR;
				CLANG_WARN_DOCUMENTATION_COMMENTS = YES;
				CLANG_WARN_EMPTY_BODY = YES;
				CLANG_WARN_ENUM_CONVERSION = YES;
				CLANG_WARN_INFINITE_RECURSION = YES;
				CLANG_WARN_INT_CONVERSION = YES;
				CLANG_WARN_NON_LITERAL_NULL_CONVERSION = YES;
				CLANG_WARN_OBJC_IMPLICIT_RETAIN_SELF = YES;
				CLANG_WARN_OBJC_LITERAL_CONVERSION = YES;
				CLANG_WARN_OBJC_ROOT_CLASS = YES_ERROR;
				CLANG_WARN_QUOTED_INCLUDE_IN_FRAMEWORK_HEADER = YES;
				CLANG_WARN_RANGE_LOOP_ANALYSIS = YES;
				CLANG_WARN_STRICT_PROTOTYPES = YES;
				CLANG_WARN_SUSPICIOUS_MOVE = YES;
				CLANG_WARN_UNGUARDED_AVAILABILITY = YES_AGGRESSIVE;
				CLANG_WARN_UNREACHABLE_CODE = YES;
				CLANG_WARN__DUPLICATE_METHOD_MATCH = YES;
				COPY_PHASE_STRIP = NO;
				DEBUG_INFORMATION_FORMAT = dwarf;
				ENABLE_STRICT_OBJC_MSGSEND = YES;
				ENABLE_TESTABILITY = YES;
				GCC_C_LANGUAGE_STANDARD = gnu11;
				GCC_DYNAMIC_NO_PIC = NO;
				GCC_NO_COMMON_BLOCKS = YES;
				GCC_OPTIMIZATION_LEVEL = 0;
				GCC_PREPROCESSOR_DEFINITIONS = (
					"DEBUG=1",
					"$(inherited)",
				);
				GCC_WARN_64_TO_32_BIT_CONVERSION = YES;
				GCC_WARN_ABOUT_RETURN_TYPE = YES_ERROR;
				GCC_WARN_UNDECLARED_SELECTOR = YES;
				GCC_WARN_UNINITIALIZED_AUTOS = YES_AGGRESSIVE;
				GCC_WARN_UNUSED_FUNCTION = YES;
				GCC_WARN_UNUSED_VARIABLE = YES;
				IPHONEOS_DEPLOYMENT_TARGET = 15.2;
				MTL_ENABLE_DEBUG_INFO = INCLUDE_SOURCE;
				MTL_FAST_MATH = YES;
				ONLY_ACTIVE_ARCH = YES;
				SDKROOT = iphoneos;
				SWIFT_ACTIVE_COMPILATION_CONDITIONS = DEBUG;
				SWIFT_OPTIMIZATION_LEVEL = "-Onone";
			};
			name = Debug;
		};
		DA738EEA291B3F9A00BBF20F /* Release */ = {
			isa = XCBuildConfiguration;
			buildSettings = {
				ALWAYS_SEARCH_USER_PATHS = NO;
				CLANG_ANALYZER_NONNULL = YES;
				CLANG_ANALYZER_NUMBER_OBJECT_CONVERSION = YES_AGGRESSIVE;
				CLANG_CXX_LANGUAGE_STANDARD = "gnu++17";
				CLANG_CXX_LIBRARY = "libc++";
				CLANG_ENABLE_MODULES = YES;
				CLANG_ENABLE_OBJC_ARC = YES;
				CLANG_ENABLE_OBJC_WEAK = YES;
				CLANG_WARN_BLOCK_CAPTURE_AUTORELEASING = YES;
				CLANG_WARN_BOOL_CONVERSION = YES;
				CLANG_WARN_COMMA = YES;
				CLANG_WARN_CONSTANT_CONVERSION = YES;
				CLANG_WARN_DEPRECATED_OBJC_IMPLEMENTATIONS = YES;
				CLANG_WARN_DIRECT_OBJC_ISA_USAGE = YES_ERROR;
				CLANG_WARN_DOCUMENTATION_COMMENTS = YES;
				CLANG_WARN_EMPTY_BODY = YES;
				CLANG_WARN_ENUM_CONVERSION = YES;
				CLANG_WARN_INFINITE_RECURSION = YES;
				CLANG_WARN_INT_CONVERSION = YES;
				CLANG_WARN_NON_LITERAL_NULL_CONVERSION = YES;
				CLANG_WARN_OBJC_IMPLICIT_RETAIN_SELF = YES;
				CLANG_WARN_OBJC_LITERAL_CONVERSION = YES;
				CLANG_WARN_OBJC_ROOT_CLASS = YES_ERROR;
				CLANG_WARN_QUOTED_INCLUDE_IN_FRAMEWORK_HEADER = YES;
				CLANG_WARN_RANGE_LOOP_ANALYSIS = YES;
				CLANG_WARN_STRICT_PROTOTYPES = YES;
				CLANG_WARN_SUSPICIOUS_MOVE = YES;
				CLANG_WARN_UNGUARDED_AVAILABILITY = YES_AGGRESSIVE;
				CLANG_WARN_UNREACHABLE_CODE = YES;
				CLANG_WARN__DUPLICATE_METHOD_MATCH = YES;
				COPY_PHASE_STRIP = NO;
				DEBUG_INFORMATION_FORMAT = "dwarf-with-dsym";
				ENABLE_NS_ASSERTIONS = NO;
				ENABLE_STRICT_OBJC_MSGSEND = YES;
				GCC_C_LANGUAGE_STANDARD = gnu11;
				GCC_NO_COMMON_BLOCKS = YES;
				GCC_WARN_64_TO_32_BIT_CONVERSION = YES;
				GCC_WARN_ABOUT_RETURN_TYPE = YES_ERROR;
				GCC_WARN_UNDECLARED_SELECTOR = YES;
				GCC_WARN_UNINITIALIZED_AUTOS = YES_AGGRESSIVE;
				GCC_WARN_UNUSED_FUNCTION = YES;
				GCC_WARN_UNUSED_VARIABLE = YES;
				IPHONEOS_DEPLOYMENT_TARGET = 15.2;
				MTL_ENABLE_DEBUG_INFO = NO;
				MTL_FAST_MATH = YES;
				SDKROOT = iphoneos;
				SWIFT_COMPILATION_MODE = wholemodule;
				SWIFT_OPTIMIZATION_LEVEL = "-O";
				VALIDATE_PRODUCT = YES;
			};
			name = Release;
		};
		DA738EEC291B3F9A00BBF20F /* Debug */ = {
			isa = XCBuildConfiguration;
			buildSettings = {
				ASSETCATALOG_COMPILER_APPICON_NAME = AppIcon;
				ASSETCATALOG_COMPILER_GLOBAL_ACCENT_COLOR_NAME = AccentColor;
				CODE_SIGN_STYLE = Automatic;
				CURRENT_PROJECT_VERSION = 1;
				GENERATE_INFOPLIST_FILE = YES;
				INFOPLIST_FILE = test2/Info.plist;
				INFOPLIST_KEY_UIApplicationSupportsIndirectInputEvents = YES;
				INFOPLIST_KEY_UILaunchStoryboardName = LaunchScreen;
				INFOPLIST_KEY_UIMainStoryboardFile = Main;
				INFOPLIST_KEY_UISupportedInterfaceOrientations_iPad = "UIInterfaceOrientationPortrait UIInterfaceOrientationPortraitUpsideDown UIInterfaceOrientationLandscapeLeft UIInterfaceOrientationLandscapeRight";
				INFOPLIST_KEY_UISupportedInterfaceOrientations_iPhone = "UIInterfaceOrientationPortrait UIInterfaceOrientationLandscapeLeft UIInterfaceOrientationLandscapeRight";
				LD_RUNPATH_SEARCH_PATHS = (
					"$(inherited)",
					"@executable_path/Frameworks",
				);
				MARKETING_VERSION = 1.0;
				PRODUCT_BUNDLE_IDENTIFIER = cschacks.test2;
				PRODUCT_NAME = "$(TARGET_NAME)";
				SWIFT_EMIT_LOC_STRINGS = YES;
				SWIFT_VERSION = 5.0;
				TARGETED_DEVICE_FAMILY = "1,2";
			};
			name = Debug;
		};
		DA738EED291B3F9A00BBF20F /* Release */ = {
			isa = XCBuildConfiguration;
			buildSettings = {
				ASSETCATALOG_COMPILER_APPICON_NAME = AppIcon;
				ASSETCATALOG_COMPILER_GLOBAL_ACCENT_COLOR_NAME = AccentColor;
				CODE_SIGN_STYLE = Automatic;
				CURRENT_PROJECT_VERSION = 1;
				GENERATE_INFOPLIST_FILE = YES;
				INFOPLIST_FILE = test2/Info.plist;
				INFOPLIST_KEY_UIApplicationSupportsIndirectInputEvents = YES;
				INFOPLIST_KEY_UILaunchStoryboardName = LaunchScreen;
				INFOPLIST_KEY_UIMainStoryboardFile = Main;
				INFOPLIST_KEY_UISupportedInterfaceOrientations_iPad = "UIInterfaceOrientationPortrait UIInterfaceOrientationPortraitUpsideDown UIInterfaceOrientationLandscapeLeft UIInterfaceOrientationLandscapeRight";
				INFOPLIST_KEY_UISupportedInterfaceOrientations_iPhone = "UIInterfaceOrientationPortrait UIInterfaceOrientationLandscapeLeft UIInterfaceOrientationLandscapeRight";
				LD_RUNPATH_SEARCH_PATHS = (
					"$(inherited)",
					"@executable_path/Frameworks",
				);
				MARKETING_VERSION = 1.0;
				PRODUCT_BUNDLE_IDENTIFIER = cschacks.test2;
				PRODUCT_NAME = "$(TARGET_NAME)";
				SWIFT_EMIT_LOC_STRINGS = YES;
				SWIFT_VERSION = 5.0;
				TARGETED_DEVICE_FAMILY = "1,2";
			};
			name = Release;
		};
		DA738EEF291B3F9A00BBF20F /* Debug */ = {
			isa = XCBuildConfiguration;
			buildSettings = {
				ALWAYS_EMBED_SWIFT_STANDARD_LIBRARIES = YES;
				BUNDLE_LOADER = "$(TEST_HOST)";
				CODE_SIGN_STYLE = Automatic;
				CURRENT_PROJECT_VERSION = 1;
				GENERATE_INFOPLIST_FILE = YES;
				IPHONEOS_DEPLOYMENT_TARGET = 15.2;
				MARKETING_VERSION = 1.0;
				PRODUCT_BUNDLE_IDENTIFIER = cschacks.test2Tests;
				PRODUCT_NAME = "$(TARGET_NAME)";
				SWIFT_EMIT_LOC_STRINGS = NO;
				SWIFT_VERSION = 5.0;
				TARGETED_DEVICE_FAMILY = "1,2";
				TEST_HOST = "$(BUILT_PRODUCTS_DIR)/test2.app/test2";
			};
			name = Debug;
		};
		DA738EF0291B3F9A00BBF20F /* Release */ = {
			isa = XCBuildConfiguration;
			buildSettings = {
				ALWAYS_EMBED_SWIFT_STANDARD_LIBRARIES = YES;
				BUNDLE_LOADER = "$(TEST_HOST)";
				CODE_SIGN_STYLE = Automatic;
				CURRENT_PROJECT_VERSION = 1;
				GENERATE_INFOPLIST_FILE = YES;
				IPHONEOS_DEPLOYMENT_TARGET = 15.2;
				MARKETING_VERSION = 1.0;
				PRODUCT_BUNDLE_IDENTIFIER = cschacks.test2Tests;
				PRODUCT_NAME = "$(TARGET_NAME)";
				SWIFT_EMIT_LOC_STRINGS = NO;
				SWIFT_VERSION = 5.0;
				TARGETED_DEVICE_FAMILY = "1,2";
				TEST_HOST = "$(BUILT_PRODUCTS_DIR)/test2.app/test2";
			};
			name = Release;
		};
		DA738EF2291B3F9A00BBF20F /* Debug */ = {
			isa = XCBuildConfiguration;
			buildSettings = {
				ALWAYS_EMBED_SWIFT_STANDARD_LIBRARIES = YES;
				CODE_SIGN_STYLE = Automatic;
				CURRENT_PROJECT_VERSION = 1;
				GENERATE_INFOPLIST_FILE = YES;
				MARKETING_VERSION = 1.0;
				PRODUCT_BUNDLE_IDENTIFIER = cschacks.test2UITests;
				PRODUCT_NAME = "$(TARGET_NAME)";
				SWIFT_EMIT_LOC_STRINGS = NO;
				SWIFT_VERSION = 5.0;
				TARGETED_DEVICE_FAMILY = "1,2";
				TEST_TARGET_NAME = test2;
			};
			name = Debug;
		};
		DA738EF3291B3F9A00BBF20F /* Release */ = {
			isa = XCBuildConfiguration;
			buildSettings = {
				ALWAYS_EMBED_SWIFT_STANDARD_LIBRARIES = YES;
				CODE_SIGN_STYLE = Automatic;
				CURRENT_PROJECT_VERSION = 1;
				GENERATE_INFOPLIST_FILE = YES;
				MARKETING_VERSION = 1.0;
				PRODUCT_BUNDLE_IDENTIFIER = cschacks.test2UITests;
				PRODUCT_NAME = "$(TARGET_NAME)";
				SWIFT_EMIT_LOC_STRINGS = NO;
				SWIFT_VERSION = 5.0;
				TARGETED_DEVICE_FAMILY = "1,2";
				TEST_TARGET_NAME = test2;
			};
			name = Release;
		};
/* End XCBuildConfiguration section */

/* Begin XCConfigurationList section */
		DA738EBC291B3F9000BBF20F /* Build configuration list for PBXProject "test2" */ = {
			isa = XCConfigurationList;
			buildConfigurations = (
				DA738EE9291B3F9A00BBF20F /* Debug */,
				DA738EEA291B3F9A00BBF20F /* Release */,
			);
			defaultConfigurationIsVisible = 0;
			defaultConfigurationName = Release;
		};
		DA738EEB291B3F9A00BBF20F /* Build configuration list for PBXNativeTarget "test2" */ = {
			isa = XCConfigurationList;
			buildConfigurations = (
				DA738EEC291B3F9A00BBF20F /* Debug */,
				DA738EED291B3F9A00BBF20F /* Release */,
			);
			defaultConfigurationIsVisible = 0;
			defaultConfigurationName = Release;
		};
		DA738EEE291B3F9A00BBF20F /* Build configuration list for PBXNativeTarget "test2Tests" */ = {
			isa = XCConfigurationList;
			buildConfigurations = (
				DA738EEF291B3F9A00BBF20F /* Debug */,
				DA738EF0291B3F9A00BBF20F /* Release */,
			);
			defaultConfigurationIsVisible = 0;
			defaultConfigurationName = Release;
		};
		DA738EF1291B3F9A00BBF20F /* Build configuration list for PBXNativeTarget "test2UITests" */ = {
			isa = XCConfigurationList;
			buildConfigurations = (
				DA738EF2291B3F9A00BBF20F /* Debug */,
				DA738EF3291B3F9A00BBF20F /* Release */,
			);
			defaultConfigurationIsVisible = 0;
			defaultConfigurationName = Release;
		};
/* End XCConfigurationList section */

/* Begin XCRemoteSwiftPackageReference section */
		DA0D994B291CB23800E2E717 /* XCRemoteSwiftPackageReference "firebase-ios-sdk" */ = {
			isa = XCRemoteSwiftPackageReference;
			repositoryURL = "https://github.com/firebase/firebase-ios-sdk";
			requirement = {
				kind = upToNextMajorVersion;
				minimumVersion = 9.0.0;
			};
		};
/* End XCRemoteSwiftPackageReference section */

/* Begin XCSwiftPackageProductDependency section */
		DA0D994C291CB23800E2E717 /* FirebaseAnalytics */ = {
			isa = XCSwiftPackageProductDependency;
			package = DA0D994B291CB23800E2E717 /* XCRemoteSwiftPackageReference "firebase-ios-sdk" */;
			productName = FirebaseAnalytics;
		};
		DA0D994E291CB23800E2E717 /* FirebaseAuth */ = {
			isa = XCSwiftPackageProductDependency;
			package = DA0D994B291CB23800E2E717 /* XCRemoteSwiftPackageReference "firebase-ios-sdk" */;
			productName = FirebaseAuth;
		};
		DA0D9950291CB23800E2E717 /* FirebaseAuthCombine-Community */ = {
			isa = XCSwiftPackageProductDependency;
			package = DA0D994B291CB23800E2E717 /* XCRemoteSwiftPackageReference "firebase-ios-sdk" */;
			productName = "FirebaseAuthCombine-Community";
		};
		DA0D9952291CB23800E2E717 /* FirebaseDatabase */ = {
			isa = XCSwiftPackageProductDependency;
			package = DA0D994B291CB23800E2E717 /* XCRemoteSwiftPackageReference "firebase-ios-sdk" */;
			productName = FirebaseDatabase;
		};
		DA0D9954291CB23800E2E717 /* FirebaseDatabaseSwift */ = {
			isa = XCSwiftPackageProductDependency;
			package = DA0D994B291CB23800E2E717 /* XCRemoteSwiftPackageReference "firebase-ios-sdk" */;
			productName = FirebaseDatabaseSwift;
		};
		DA0D9956291CB23800E2E717 /* FirebaseInAppMessaging-Beta */ = {
			isa = XCSwiftPackageProductDependency;
			package = DA0D994B291CB23800E2E717 /* XCRemoteSwiftPackageReference "firebase-ios-sdk" */;
			productName = "FirebaseInAppMessaging-Beta";
		};
		DA0D9958291CB23800E2E717 /* FirebaseInAppMessagingSwift-Beta */ = {
			isa = XCSwiftPackageProductDependency;
			package = DA0D994B291CB23800E2E717 /* XCRemoteSwiftPackageReference "firebase-ios-sdk" */;
			productName = "FirebaseInAppMessagingSwift-Beta";
		};
		DA0D995A291CB23800E2E717 /* FirebaseMessaging */ = {
			isa = XCSwiftPackageProductDependency;
			package = DA0D994B291CB23800E2E717 /* XCRemoteSwiftPackageReference "firebase-ios-sdk" */;
			productName = FirebaseMessaging;
		};
/* End XCSwiftPackageProductDependency section */
	};
	rootObject = DA738EB9291B3F9000BBF20F /* Project object */;
}
