// !$*UTF8*$!
{
	archiveVersion = 1;
	classes = {
	};
	objectVersion = 56;
	objects = {

/* Begin PBXBuildFile section */
		248245EC29244E5400504990 /* GoogleService-Info.plist in Resources */ = {isa = PBXBuildFile; fileRef = 248245EB29244E5300504990 /* GoogleService-Info.plist */; };
		248245F12925A13300504990 /* MyProfileViewController.swift in Sources */ = {isa = PBXBuildFile; fileRef = 248245F02925A13200504990 /* MyProfileViewController.swift */; };
		60639C7529230E6F00C9F1ED /* StorageManager.swift in Sources */ = {isa = PBXBuildFile; fileRef = 60639C7429230E6F00C9F1ED /* StorageManager.swift */; };
		60639C7829230EFD00C9F1ED /* FirebaseStorage in Frameworks */ = {isa = PBXBuildFile; productRef = 60639C7729230EFD00C9F1ED /* FirebaseStorage */; };
		60639C7A29230F0400C9F1ED /* FirebaseStorageCombine-Community in Frameworks */ = {isa = PBXBuildFile; productRef = 60639C7929230F0400C9F1ED /* FirebaseStorageCombine-Community */; };
		60639C7C292334D100C9F1ED /* ConversationTableViewCell.swift in Sources */ = {isa = PBXBuildFile; fileRef = 60639C7B292334D100C9F1ED /* ConversationTableViewCell.swift */; };
		607D47962923CF2F0036001D /* QuestionsViewController.swift in Sources */ = {isa = PBXBuildFile; fileRef = 607D47942923CF2F0036001D /* QuestionsViewController.swift */; };
		607D47972923CF2F0036001D /* Main copy.storyboard in Resources */ = {isa = PBXBuildFile; fileRef = 607D47952923CF2F0036001D /* Main copy.storyboard */; };
		607D479F2923E2170036001D /* HomeViewController.swift in Sources */ = {isa = PBXBuildFile; fileRef = 607D479A2923E2170036001D /* HomeViewController.swift */; };
		607D47A02923E2170036001D /* MatchesViewController.swift in Sources */ = {isa = PBXBuildFile; fileRef = 607D479B2923E2170036001D /* MatchesViewController.swift */; };
		607D47A12923E2170036001D /* TinderViewController.swift in Sources */ = {isa = PBXBuildFile; fileRef = 607D479C2923E2170036001D /* TinderViewController.swift */; };
		607D47A22923E2170036001D /* Main.storyboard in Resources */ = {isa = PBXBuildFile; fileRef = 607D479D2923E2170036001D /* Main.storyboard */; };
		607D47A32923E2170036001D /* TinderView.swift in Sources */ = {isa = PBXBuildFile; fileRef = 607D479E2923E2170036001D /* TinderView.swift */; };
		60AF71C3291FD9B40094AC35 /* AppDelegate.swift in Sources */ = {isa = PBXBuildFile; fileRef = 60AF71C2291FD9B40094AC35 /* AppDelegate.swift */; };
		60AF71C5291FD9B40094AC35 /* SceneDelegate.swift in Sources */ = {isa = PBXBuildFile; fileRef = 60AF71C4291FD9B40094AC35 /* SceneDelegate.swift */; };
		60AF71C7291FD9B40094AC35 /* ConversationsViewController.swift in Sources */ = {isa = PBXBuildFile; fileRef = 60AF71C6291FD9B40094AC35 /* ConversationsViewController.swift */; };
		60AF71CA291FD9B40094AC35 /* Main (jk).storyboard in Resources */ = {isa = PBXBuildFile; fileRef = 60AF71C8291FD9B40094AC35 /* Main (jk).storyboard */; };
		60AF71CC291FD9B70094AC35 /* Assets.xcassets in Resources */ = {isa = PBXBuildFile; fileRef = 60AF71CB291FD9B70094AC35 /* Assets.xcassets */; };
		60AF71CF291FD9B70094AC35 /* LaunchScreen.storyboard in Resources */ = {isa = PBXBuildFile; fileRef = 60AF71CD291FD9B70094AC35 /* LaunchScreen.storyboard */; };
		60AF71DA291FD9B80094AC35 /* messageTestingTests.swift in Sources */ = {isa = PBXBuildFile; fileRef = 60AF71D9291FD9B80094AC35 /* messageTestingTests.swift */; };
		60AF71E4291FD9B80094AC35 /* messageTestingUITests.swift in Sources */ = {isa = PBXBuildFile; fileRef = 60AF71E3291FD9B80094AC35 /* messageTestingUITests.swift */; };
		60AF71E6291FD9B80094AC35 /* messageTestingUITestsLaunchTests.swift in Sources */ = {isa = PBXBuildFile; fileRef = 60AF71E5291FD9B80094AC35 /* messageTestingUITestsLaunchTests.swift */; };
		60AF71F9291FDAD00094AC35 /* LoginViewController.swift in Sources */ = {isa = PBXBuildFile; fileRef = 60AF71F8291FDAD00094AC35 /* LoginViewController.swift */; };
		60AF71FB291FDADC0094AC35 /* RegisterViewController.swift in Sources */ = {isa = PBXBuildFile; fileRef = 60AF71FA291FDADC0094AC35 /* RegisterViewController.swift */; };
		60AF71FD291FDAF10094AC35 /* PhotoViewerViewController.swift in Sources */ = {isa = PBXBuildFile; fileRef = 60AF71FC291FDAF10094AC35 /* PhotoViewerViewController.swift */; };
		60AF71FF291FDAFD0094AC35 /* VideoPlayerViewController.swift in Sources */ = {isa = PBXBuildFile; fileRef = 60AF71FE291FDAFD0094AC35 /* VideoPlayerViewController.swift */; };
		60AF7201291FDB0E0094AC35 /* NewConversationViewController.swift in Sources */ = {isa = PBXBuildFile; fileRef = 60AF7200291FDB0E0094AC35 /* NewConversationViewController.swift */; };
		60AF7203291FDB170094AC35 /* ProfileViewController.swift in Sources */ = {isa = PBXBuildFile; fileRef = 60AF7202291FDB170094AC35 /* ProfileViewController.swift */; };
		60AF7206291FDE570094AC35 /* Extensions.swift in Sources */ = {isa = PBXBuildFile; fileRef = 60AF7205291FDE570094AC35 /* Extensions.swift */; };
		60AF7209292010820094AC35 /* FirebaseAuth in Frameworks */ = {isa = PBXBuildFile; productRef = 60AF7208292010820094AC35 /* FirebaseAuth */; };
		60AF720B292010820094AC35 /* FirebaseAuthCombine-Community in Frameworks */ = {isa = PBXBuildFile; productRef = 60AF720A292010820094AC35 /* FirebaseAuthCombine-Community */; };
		60AF720D292010820094AC35 /* FirebaseDatabase in Frameworks */ = {isa = PBXBuildFile; productRef = 60AF720C292010820094AC35 /* FirebaseDatabase */; };
		60AF720F292010820094AC35 /* FirebaseDatabaseSwift in Frameworks */ = {isa = PBXBuildFile; productRef = 60AF720E292010820094AC35 /* FirebaseDatabaseSwift */; };
		60AF7211292010820094AC35 /* FirebaseMessaging in Frameworks */ = {isa = PBXBuildFile; productRef = 60AF7210292010820094AC35 /* FirebaseMessaging */; };
		60AF721729201BE00094AC35 /* DatabaseManager.swift in Sources */ = {isa = PBXBuildFile; fileRef = 60AF721629201BE00094AC35 /* DatabaseManager.swift */; };
		60AF721A29202FCA0094AC35 /* MessageKit in Frameworks */ = {isa = PBXBuildFile; productRef = 60AF721929202FCA0094AC35 /* MessageKit */; };
		60AF721D292030270094AC35 /* JGProgressHUD in Frameworks */ = {isa = PBXBuildFile; productRef = 60AF721C292030270094AC35 /* JGProgressHUD */; };
		60AF7220292032110094AC35 /* Realm in Frameworks */ = {isa = PBXBuildFile; productRef = 60AF721F292032110094AC35 /* Realm */; };
		60AF7222292032110094AC35 /* RealmSwift in Frameworks */ = {isa = PBXBuildFile; productRef = 60AF7221292032110094AC35 /* RealmSwift */; };
		60AF7225292035510094AC35 /* SDWebImage in Frameworks */ = {isa = PBXBuildFile; productRef = 60AF7224292035510094AC35 /* SDWebImage */; };
		60AF7227292035510094AC35 /* SDWebImageMapKit in Frameworks */ = {isa = PBXBuildFile; productRef = 60AF7226292035510094AC35 /* SDWebImageMapKit */; };
		60AF7229292040A50094AC35 /* ChatViewController.swift in Sources */ = {isa = PBXBuildFile; fileRef = 60AF7228292040A50094AC35 /* ChatViewController.swift */; };
/* End PBXBuildFile section */

/* Begin PBXContainerItemProxy section */
		60AF71D6291FD9B80094AC35 /* PBXContainerItemProxy */ = {
			isa = PBXContainerItemProxy;
			containerPortal = 60AF71B7291FD9B30094AC35 /* Project object */;
			proxyType = 1;
			remoteGlobalIDString = 60AF71BE291FD9B40094AC35;
			remoteInfo = messageTesting;
		};
		60AF71E0291FD9B80094AC35 /* PBXContainerItemProxy */ = {
			isa = PBXContainerItemProxy;
			containerPortal = 60AF71B7291FD9B30094AC35 /* Project object */;
			proxyType = 1;
			remoteGlobalIDString = 60AF71BE291FD9B40094AC35;
			remoteInfo = messageTesting;
		};
/* End PBXContainerItemProxy section */

/* Begin PBXFileReference section */
		248245EB29244E5300504990 /* GoogleService-Info.plist */ = {isa = PBXFileReference; fileEncoding = 4; lastKnownFileType = text.plist.xml; name = "GoogleService-Info.plist"; path = "../../../Downloads/GoogleService-Info.plist"; sourceTree = "<group>"; };
		248245F02925A13200504990 /* MyProfileViewController.swift */ = {isa = PBXFileReference; lastKnownFileType = sourcecode.swift; path = MyProfileViewController.swift; sourceTree = "<group>"; };
		60639C7429230E6F00C9F1ED /* StorageManager.swift */ = {isa = PBXFileReference; lastKnownFileType = sourcecode.swift; path = StorageManager.swift; sourceTree = "<group>"; };
		60639C7B292334D100C9F1ED /* ConversationTableViewCell.swift */ = {isa = PBXFileReference; lastKnownFileType = sourcecode.swift; path = ConversationTableViewCell.swift; sourceTree = "<group>"; };
		607D47942923CF2F0036001D /* QuestionsViewController.swift */ = {isa = PBXFileReference; fileEncoding = 4; lastKnownFileType = sourcecode.swift; path = QuestionsViewController.swift; sourceTree = "<group>"; };
		607D47952923CF2F0036001D /* Main copy.storyboard */ = {isa = PBXFileReference; fileEncoding = 4; lastKnownFileType = file.storyboard; path = "Main copy.storyboard"; sourceTree = "<group>"; };
		607D479A2923E2170036001D /* HomeViewController.swift */ = {isa = PBXFileReference; fileEncoding = 4; lastKnownFileType = sourcecode.swift; path = HomeViewController.swift; sourceTree = "<group>"; };
		607D479B2923E2170036001D /* MatchesViewController.swift */ = {isa = PBXFileReference; fileEncoding = 4; lastKnownFileType = sourcecode.swift; path = MatchesViewController.swift; sourceTree = "<group>"; };
		607D479C2923E2170036001D /* TinderViewController.swift */ = {isa = PBXFileReference; fileEncoding = 4; lastKnownFileType = sourcecode.swift; path = TinderViewController.swift; sourceTree = "<group>"; };
		607D479D2923E2170036001D /* Main.storyboard */ = {isa = PBXFileReference; fileEncoding = 4; lastKnownFileType = file.storyboard; path = Main.storyboard; sourceTree = "<group>"; };
		607D479E2923E2170036001D /* TinderView.swift */ = {isa = PBXFileReference; fileEncoding = 4; lastKnownFileType = sourcecode.swift; path = TinderView.swift; sourceTree = "<group>"; };
		60AF71BF291FD9B40094AC35 /* messageTesting.app */ = {isa = PBXFileReference; explicitFileType = wrapper.application; includeInIndex = 0; path = messageTesting.app; sourceTree = BUILT_PRODUCTS_DIR; };
		60AF71C2291FD9B40094AC35 /* AppDelegate.swift */ = {isa = PBXFileReference; lastKnownFileType = sourcecode.swift; path = AppDelegate.swift; sourceTree = "<group>"; };
		60AF71C4291FD9B40094AC35 /* SceneDelegate.swift */ = {isa = PBXFileReference; lastKnownFileType = sourcecode.swift; path = SceneDelegate.swift; sourceTree = "<group>"; };
		60AF71C6291FD9B40094AC35 /* ConversationsViewController.swift */ = {isa = PBXFileReference; lastKnownFileType = sourcecode.swift; path = ConversationsViewController.swift; sourceTree = "<group>"; };
		60AF71C9291FD9B40094AC35 /* Base */ = {isa = PBXFileReference; lastKnownFileType = file.storyboard; name = Base; path = "Base.lproj/Main (jk).storyboard"; sourceTree = "<group>"; };
		60AF71CB291FD9B70094AC35 /* Assets.xcassets */ = {isa = PBXFileReference; lastKnownFileType = folder.assetcatalog; path = Assets.xcassets; sourceTree = "<group>"; };
		60AF71CE291FD9B70094AC35 /* Base */ = {isa = PBXFileReference; lastKnownFileType = file.storyboard; name = Base; path = Base.lproj/LaunchScreen.storyboard; sourceTree = "<group>"; };
		60AF71D0291FD9B70094AC35 /* Info.plist */ = {isa = PBXFileReference; lastKnownFileType = text.plist.xml; path = Info.plist; sourceTree = "<group>"; };
		60AF71D5291FD9B80094AC35 /* messageTestingTests.xctest */ = {isa = PBXFileReference; explicitFileType = wrapper.cfbundle; includeInIndex = 0; path = messageTestingTests.xctest; sourceTree = BUILT_PRODUCTS_DIR; };
		60AF71D9291FD9B80094AC35 /* messageTestingTests.swift */ = {isa = PBXFileReference; lastKnownFileType = sourcecode.swift; path = messageTestingTests.swift; sourceTree = "<group>"; };
		60AF71DF291FD9B80094AC35 /* messageTestingUITests.xctest */ = {isa = PBXFileReference; explicitFileType = wrapper.cfbundle; includeInIndex = 0; path = messageTestingUITests.xctest; sourceTree = BUILT_PRODUCTS_DIR; };
		60AF71E3291FD9B80094AC35 /* messageTestingUITests.swift */ = {isa = PBXFileReference; lastKnownFileType = sourcecode.swift; path = messageTestingUITests.swift; sourceTree = "<group>"; };
		60AF71E5291FD9B80094AC35 /* messageTestingUITestsLaunchTests.swift */ = {isa = PBXFileReference; lastKnownFileType = sourcecode.swift; path = messageTestingUITestsLaunchTests.swift; sourceTree = "<group>"; };
		60AF71F8291FDAD00094AC35 /* LoginViewController.swift */ = {isa = PBXFileReference; lastKnownFileType = sourcecode.swift; path = LoginViewController.swift; sourceTree = "<group>"; };
		60AF71FA291FDADC0094AC35 /* RegisterViewController.swift */ = {isa = PBXFileReference; lastKnownFileType = sourcecode.swift; path = RegisterViewController.swift; sourceTree = "<group>"; };
		60AF71FC291FDAF10094AC35 /* PhotoViewerViewController.swift */ = {isa = PBXFileReference; lastKnownFileType = sourcecode.swift; path = PhotoViewerViewController.swift; sourceTree = "<group>"; };
		60AF71FE291FDAFD0094AC35 /* VideoPlayerViewController.swift */ = {isa = PBXFileReference; lastKnownFileType = sourcecode.swift; path = VideoPlayerViewController.swift; sourceTree = "<group>"; };
		60AF7200291FDB0E0094AC35 /* NewConversationViewController.swift */ = {isa = PBXFileReference; lastKnownFileType = sourcecode.swift; path = NewConversationViewController.swift; sourceTree = "<group>"; };
		60AF7202291FDB170094AC35 /* ProfileViewController.swift */ = {isa = PBXFileReference; lastKnownFileType = sourcecode.swift; path = ProfileViewController.swift; sourceTree = "<group>"; };
		60AF7205291FDE570094AC35 /* Extensions.swift */ = {isa = PBXFileReference; lastKnownFileType = sourcecode.swift; path = Extensions.swift; sourceTree = "<group>"; };
		60AF721629201BE00094AC35 /* DatabaseManager.swift */ = {isa = PBXFileReference; lastKnownFileType = sourcecode.swift; path = DatabaseManager.swift; sourceTree = "<group>"; };
		60AF7228292040A50094AC35 /* ChatViewController.swift */ = {isa = PBXFileReference; lastKnownFileType = sourcecode.swift; path = ChatViewController.swift; sourceTree = "<group>"; };
/* End PBXFileReference section */

/* Begin PBXFrameworksBuildPhase section */
		60AF71BC291FD9B40094AC35 /* Frameworks */ = {
			isa = PBXFrameworksBuildPhase;
			buildActionMask = 2147483647;
			files = (
				60AF720F292010820094AC35 /* FirebaseDatabaseSwift in Frameworks */,
				60AF721D292030270094AC35 /* JGProgressHUD in Frameworks */,
				60AF720D292010820094AC35 /* FirebaseDatabase in Frameworks */,
				60639C7A29230F0400C9F1ED /* FirebaseStorageCombine-Community in Frameworks */,
				60AF7222292032110094AC35 /* RealmSwift in Frameworks */,
				60AF7225292035510094AC35 /* SDWebImage in Frameworks */,
				60639C7829230EFD00C9F1ED /* FirebaseStorage in Frameworks */,
				60AF7211292010820094AC35 /* FirebaseMessaging in Frameworks */,
				60AF721A29202FCA0094AC35 /* MessageKit in Frameworks */,
				60AF7227292035510094AC35 /* SDWebImageMapKit in Frameworks */,
				60AF7209292010820094AC35 /* FirebaseAuth in Frameworks */,
				60AF7220292032110094AC35 /* Realm in Frameworks */,
				60AF720B292010820094AC35 /* FirebaseAuthCombine-Community in Frameworks */,
			);
			runOnlyForDeploymentPostprocessing = 0;
		};
		60AF71D2291FD9B80094AC35 /* Frameworks */ = {
			isa = PBXFrameworksBuildPhase;
			buildActionMask = 2147483647;
			files = (
			);
			runOnlyForDeploymentPostprocessing = 0;
		};
		60AF71DC291FD9B80094AC35 /* Frameworks */ = {
			isa = PBXFrameworksBuildPhase;
			buildActionMask = 2147483647;
			files = (
			);
			runOnlyForDeploymentPostprocessing = 0;
		};
/* End PBXFrameworksBuildPhase section */

/* Begin PBXGroup section */
		60639C7629230EFD00C9F1ED /* Frameworks */ = {
			isa = PBXGroup;
			children = (
			);
			name = Frameworks;
			sourceTree = "<group>";
		};
		60AF71B6291FD9B30094AC35 = {
			isa = PBXGroup;
			children = (
				248245EB29244E5300504990 /* GoogleService-Info.plist */,
				60AF71C1291FD9B40094AC35 /* messageTesting */,
				60AF71D8291FD9B80094AC35 /* messageTestingTests */,
				60AF71E2291FD9B80094AC35 /* messageTestingUITests */,
				60AF71C0291FD9B40094AC35 /* Products */,
				60639C7629230EFD00C9F1ED /* Frameworks */,
			);
			sourceTree = "<group>";
		};
		60AF71C0291FD9B40094AC35 /* Products */ = {
			isa = PBXGroup;
			children = (
				60AF71BF291FD9B40094AC35 /* messageTesting.app */,
				60AF71D5291FD9B80094AC35 /* messageTestingTests.xctest */,
				60AF71DF291FD9B80094AC35 /* messageTestingUITests.xctest */,
			);
			name = Products;
			sourceTree = "<group>";
		};
		60AF71C1291FD9B40094AC35 /* messageTesting */ = {
			isa = PBXGroup;
			children = (
				60AF71F6291FDA040094AC35 /* Controllers */,
				60AF71F5291FD9FF0094AC35 /* Views */,
				60AF71F2291FD9F10094AC35 /* Resources */,
				60AF71D0291FD9B70094AC35 /* Info.plist */,
			);
			path = messageTesting;
			sourceTree = "<group>";
		};
		60AF71D8291FD9B80094AC35 /* messageTestingTests */ = {
			isa = PBXGroup;
			children = (
				60AF71D9291FD9B80094AC35 /* messageTestingTests.swift */,
			);
			path = messageTestingTests;
			sourceTree = "<group>";
		};
		60AF71E2291FD9B80094AC35 /* messageTestingUITests */ = {
			isa = PBXGroup;
			children = (
				60AF71E3291FD9B80094AC35 /* messageTestingUITests.swift */,
				60AF71E5291FD9B80094AC35 /* messageTestingUITestsLaunchTests.swift */,
			);
			path = messageTestingUITests;
			sourceTree = "<group>";
		};
		60AF71F2291FD9F10094AC35 /* Resources */ = {
			isa = PBXGroup;
			children = (
				60AF7205291FDE570094AC35 /* Extensions.swift */,
				60AF71C2291FD9B40094AC35 /* AppDelegate.swift */,
				60AF71C4291FD9B40094AC35 /* SceneDelegate.swift */,
				60AF721629201BE00094AC35 /* DatabaseManager.swift */,
				60639C7429230E6F00C9F1ED /* StorageManager.swift */,
			);
			path = Resources;
			sourceTree = "<group>";
		};
		60AF71F5291FD9FF0094AC35 /* Views */ = {
			isa = PBXGroup;
			children = (
				60639C7B292334D100C9F1ED /* ConversationTableViewCell.swift */,
				60AF71F7291FDA200094AC35 /* Storyboards */,
				60AF71CB291FD9B70094AC35 /* Assets.xcassets */,
			);
			path = Views;
			sourceTree = "<group>";
		};
		60AF71F6291FDA040094AC35 /* Controllers */ = {
			isa = PBXGroup;
			children = (
				607D479C2923E2170036001D /* TinderViewController.swift */,
				607D479E2923E2170036001D /* TinderView.swift */,
				607D479B2923E2170036001D /* MatchesViewController.swift */,
				607D479A2923E2170036001D /* HomeViewController.swift */,
				60AF71C6291FD9B40094AC35 /* ConversationsViewController.swift */,
				60AF7228292040A50094AC35 /* ChatViewController.swift */,
				248245F02925A13200504990 /* MyProfileViewController.swift */,
				60AF7204291FDB380094AC35 /* Login */,
				60AF71FC291FDAF10094AC35 /* PhotoViewerViewController.swift */,
				60AF71FE291FDAFD0094AC35 /* VideoPlayerViewController.swift */,
				60AF7200291FDB0E0094AC35 /* NewConversationViewController.swift */,
				60AF7202291FDB170094AC35 /* ProfileViewController.swift */,
			);
			path = Controllers;
			sourceTree = "<group>";
		};
		60AF71F7291FDA200094AC35 /* Storyboards */ = {
			isa = PBXGroup;
			children = (
				607D479D2923E2170036001D /* Main.storyboard */,
				607D47952923CF2F0036001D /* Main copy.storyboard */,
				60AF71C8291FD9B40094AC35 /* Main (jk).storyboard */,
				60AF71CD291FD9B70094AC35 /* LaunchScreen.storyboard */,
			);
			path = Storyboards;
			sourceTree = "<group>";
		};
		60AF7204291FDB380094AC35 /* Login */ = {
			isa = PBXGroup;
			children = (
				60AF71F8291FDAD00094AC35 /* LoginViewController.swift */,
				60AF71FA291FDADC0094AC35 /* RegisterViewController.swift */,
				607D47942923CF2F0036001D /* QuestionsViewController.swift */,
			);
			path = Login;
			sourceTree = "<group>";
		};
/* End PBXGroup section */

/* Begin PBXNativeTarget section */
		60AF71BE291FD9B40094AC35 /* messageTesting */ = {
			isa = PBXNativeTarget;
			buildConfigurationList = 60AF71E9291FD9B80094AC35 /* Build configuration list for PBXNativeTarget "messageTesting" */;
			buildPhases = (
				60AF71BB291FD9B40094AC35 /* Sources */,
				60AF71BC291FD9B40094AC35 /* Frameworks */,
				60AF71BD291FD9B40094AC35 /* Resources */,
			);
			buildRules = (
			);
			dependencies = (
			);
			name = messageTesting;
			packageProductDependencies = (
				60AF7208292010820094AC35 /* FirebaseAuth */,
				60AF720A292010820094AC35 /* FirebaseAuthCombine-Community */,
				60AF720C292010820094AC35 /* FirebaseDatabase */,
				60AF720E292010820094AC35 /* FirebaseDatabaseSwift */,
				60AF7210292010820094AC35 /* FirebaseMessaging */,
				60AF721929202FCA0094AC35 /* MessageKit */,
				60AF721C292030270094AC35 /* JGProgressHUD */,
				60AF721F292032110094AC35 /* Realm */,
				60AF7221292032110094AC35 /* RealmSwift */,
				60AF7224292035510094AC35 /* SDWebImage */,
				60AF7226292035510094AC35 /* SDWebImageMapKit */,
				60639C7729230EFD00C9F1ED /* FirebaseStorage */,
				60639C7929230F0400C9F1ED /* FirebaseStorageCombine-Community */,
			);
			productName = messageTesting;
			productReference = 60AF71BF291FD9B40094AC35 /* messageTesting.app */;
			productType = "com.apple.product-type.application";
		};
		60AF71D4291FD9B80094AC35 /* messageTestingTests */ = {
			isa = PBXNativeTarget;
			buildConfigurationList = 60AF71EC291FD9B80094AC35 /* Build configuration list for PBXNativeTarget "messageTestingTests" */;
			buildPhases = (
				60AF71D1291FD9B80094AC35 /* Sources */,
				60AF71D2291FD9B80094AC35 /* Frameworks */,
				60AF71D3291FD9B80094AC35 /* Resources */,
			);
			buildRules = (
			);
			dependencies = (
				60AF71D7291FD9B80094AC35 /* PBXTargetDependency */,
			);
			name = messageTestingTests;
			productName = messageTestingTests;
			productReference = 60AF71D5291FD9B80094AC35 /* messageTestingTests.xctest */;
			productType = "com.apple.product-type.bundle.unit-test";
		};
		60AF71DE291FD9B80094AC35 /* messageTestingUITests */ = {
			isa = PBXNativeTarget;
			buildConfigurationList = 60AF71EF291FD9B80094AC35 /* Build configuration list for PBXNativeTarget "messageTestingUITests" */;
			buildPhases = (
				60AF71DB291FD9B80094AC35 /* Sources */,
				60AF71DC291FD9B80094AC35 /* Frameworks */,
				60AF71DD291FD9B80094AC35 /* Resources */,
			);
			buildRules = (
			);
			dependencies = (
				60AF71E1291FD9B80094AC35 /* PBXTargetDependency */,
			);
			name = messageTestingUITests;
			productName = messageTestingUITests;
			productReference = 60AF71DF291FD9B80094AC35 /* messageTestingUITests.xctest */;
			productType = "com.apple.product-type.bundle.ui-testing";
		};
/* End PBXNativeTarget section */

/* Begin PBXProject section */
		60AF71B7291FD9B30094AC35 /* Project object */ = {
			isa = PBXProject;
			attributes = {
				BuildIndependentTargetsInParallel = 1;
				LastSwiftUpdateCheck = 1410;
				LastUpgradeCheck = 1410;
				TargetAttributes = {
					60AF71BE291FD9B40094AC35 = {
						CreatedOnToolsVersion = 14.1;
					};
					60AF71D4291FD9B80094AC35 = {
						CreatedOnToolsVersion = 14.1;
						TestTargetID = 60AF71BE291FD9B40094AC35;
					};
					60AF71DE291FD9B80094AC35 = {
						CreatedOnToolsVersion = 14.1;
						TestTargetID = 60AF71BE291FD9B40094AC35;
					};
				};
			};
			buildConfigurationList = 60AF71BA291FD9B30094AC35 /* Build configuration list for PBXProject "messageTesting" */;
			compatibilityVersion = "Xcode 14.0";
			developmentRegion = en;
			hasScannedForEncodings = 0;
			knownRegions = (
				en,
				Base,
			);
			mainGroup = 60AF71B6291FD9B30094AC35;
			packageReferences = (
				60AF7207292010810094AC35 /* XCRemoteSwiftPackageReference "firebase-ios-sdk" */,
				60AF721829202FCA0094AC35 /* XCRemoteSwiftPackageReference "MessageKit" */,
				60AF721B292030270094AC35 /* XCRemoteSwiftPackageReference "JGProgressHUD" */,
				60AF721E292032110094AC35 /* XCRemoteSwiftPackageReference "realm-swift" */,
				60AF7223292035510094AC35 /* XCRemoteSwiftPackageReference "SDWebImage" */,
			);
			productRefGroup = 60AF71C0291FD9B40094AC35 /* Products */;
			projectDirPath = "";
			projectRoot = "";
			targets = (
				60AF71BE291FD9B40094AC35 /* messageTesting */,
				60AF71D4291FD9B80094AC35 /* messageTestingTests */,
				60AF71DE291FD9B80094AC35 /* messageTestingUITests */,
			);
		};
/* End PBXProject section */

/* Begin PBXResourcesBuildPhase section */
		60AF71BD291FD9B40094AC35 /* Resources */ = {
			isa = PBXResourcesBuildPhase;
			buildActionMask = 2147483647;
			files = (
				60AF71CF291FD9B70094AC35 /* LaunchScreen.storyboard in Resources */,
				607D47972923CF2F0036001D /* Main copy.storyboard in Resources */,
				607D47A22923E2170036001D /* Main.storyboard in Resources */,
				60AF71CC291FD9B70094AC35 /* Assets.xcassets in Resources */,
				60AF71CA291FD9B40094AC35 /* Main (jk).storyboard in Resources */,
				248245EC29244E5400504990 /* GoogleService-Info.plist in Resources */,
			);
			runOnlyForDeploymentPostprocessing = 0;
		};
		60AF71D3291FD9B80094AC35 /* Resources */ = {
			isa = PBXResourcesBuildPhase;
			buildActionMask = 2147483647;
			files = (
			);
			runOnlyForDeploymentPostprocessing = 0;
		};
		60AF71DD291FD9B80094AC35 /* Resources */ = {
			isa = PBXResourcesBuildPhase;
			buildActionMask = 2147483647;
			files = (
			);
			runOnlyForDeploymentPostprocessing = 0;
		};
/* End PBXResourcesBuildPhase section */

/* Begin PBXSourcesBuildPhase section */
		60AF71BB291FD9B40094AC35 /* Sources */ = {
			isa = PBXSourcesBuildPhase;
			buildActionMask = 2147483647;
			files = (
				60AF71F9291FDAD00094AC35 /* LoginViewController.swift in Sources */,
				60AF721729201BE00094AC35 /* DatabaseManager.swift in Sources */,
				60AF71FB291FDADC0094AC35 /* RegisterViewController.swift in Sources */,
				60AF7201291FDB0E0094AC35 /* NewConversationViewController.swift in Sources */,
				60AF71C7291FD9B40094AC35 /* ConversationsViewController.swift in Sources */,
				60AF71FF291FDAFD0094AC35 /* VideoPlayerViewController.swift in Sources */,
				60AF7206291FDE570094AC35 /* Extensions.swift in Sources */,
				60AF71C3291FD9B40094AC35 /* AppDelegate.swift in Sources */,
				607D47A12923E2170036001D /* TinderViewController.swift in Sources */,
				60AF7203291FDB170094AC35 /* ProfileViewController.swift in Sources */,
				248245F12925A13300504990 /* MyProfileViewController.swift in Sources */,
				60AF71C5291FD9B40094AC35 /* SceneDelegate.swift in Sources */,
				60639C7C292334D100C9F1ED /* ConversationTableViewCell.swift in Sources */,
				607D479F2923E2170036001D /* HomeViewController.swift in Sources */,
				607D47962923CF2F0036001D /* QuestionsViewController.swift in Sources */,
				607D47A02923E2170036001D /* MatchesViewController.swift in Sources */,
				60AF7229292040A50094AC35 /* ChatViewController.swift in Sources */,
				60AF71FD291FDAF10094AC35 /* PhotoViewerViewController.swift in Sources */,
				60639C7529230E6F00C9F1ED /* StorageManager.swift in Sources */,
				607D47A32923E2170036001D /* TinderView.swift in Sources */,
			);
			runOnlyForDeploymentPostprocessing = 0;
		};
		60AF71D1291FD9B80094AC35 /* Sources */ = {
			isa = PBXSourcesBuildPhase;
			buildActionMask = 2147483647;
			files = (
				60AF71DA291FD9B80094AC35 /* messageTestingTests.swift in Sources */,
			);
			runOnlyForDeploymentPostprocessing = 0;
		};
		60AF71DB291FD9B80094AC35 /* Sources */ = {
			isa = PBXSourcesBuildPhase;
			buildActionMask = 2147483647;
			files = (
				60AF71E4291FD9B80094AC35 /* messageTestingUITests.swift in Sources */,
				60AF71E6291FD9B80094AC35 /* messageTestingUITestsLaunchTests.swift in Sources */,
			);
			runOnlyForDeploymentPostprocessing = 0;
		};
/* End PBXSourcesBuildPhase section */

/* Begin PBXTargetDependency section */
		60AF71D7291FD9B80094AC35 /* PBXTargetDependency */ = {
			isa = PBXTargetDependency;
			target = 60AF71BE291FD9B40094AC35 /* messageTesting */;
			targetProxy = 60AF71D6291FD9B80094AC35 /* PBXContainerItemProxy */;
		};
		60AF71E1291FD9B80094AC35 /* PBXTargetDependency */ = {
			isa = PBXTargetDependency;
			target = 60AF71BE291FD9B40094AC35 /* messageTesting */;
			targetProxy = 60AF71E0291FD9B80094AC35 /* PBXContainerItemProxy */;
		};
/* End PBXTargetDependency section */

/* Begin PBXVariantGroup section */
		60AF71C8291FD9B40094AC35 /* Main (jk).storyboard */ = {
			isa = PBXVariantGroup;
			children = (
				60AF71C9291FD9B40094AC35 /* Base */,
			);
			name = "Main (jk).storyboard";
			sourceTree = "<group>";
		};
		60AF71CD291FD9B70094AC35 /* LaunchScreen.storyboard */ = {
			isa = PBXVariantGroup;
			children = (
				60AF71CE291FD9B70094AC35 /* Base */,
			);
			name = LaunchScreen.storyboard;
			sourceTree = "<group>";
		};
/* End PBXVariantGroup section */

/* Begin XCBuildConfiguration section */
		60AF71E7291FD9B80094AC35 /* Debug */ = {
			isa = XCBuildConfiguration;
			buildSettings = {
				ALWAYS_SEARCH_USER_PATHS = NO;
				CLANG_ANALYZER_NONNULL = YES;
				CLANG_ANALYZER_NUMBER_OBJECT_CONVERSION = YES_AGGRESSIVE;
				CLANG_CXX_LANGUAGE_STANDARD = "gnu++20";
				CLANG_ENABLE_MODULES = YES;
				CLANG_ENABLE_OBJC_ARC = YES;
				CLANG_ENABLE_OBJC_WEAK = YES;
				CLANG_WARN_BLOCK_CAPTURE_AUTORELEASING = YES;
				CLANG_WARN_BOOL_CONVERSION = YES;
				CLANG_WARN_COMMA = YES;
				CLANG_WARN_CONSTANT_CONVERSION = YES;
				CLANG_WARN_DEPRECATED_OBJC_IMPLEMENTATIONS = YES;
				CLANG_WARN_DIRECT_OBJC_ISA_USAGE = YES_ERROR;
				CLANG_WARN_DOCUMENTATION_COMMENTS = YES;
				CLANG_WARN_EMPTY_BODY = YES;
				CLANG_WARN_ENUM_CONVERSION = YES;
				CLANG_WARN_INFINITE_RECURSION = YES;
				CLANG_WARN_INT_CONVERSION = YES;
				CLANG_WARN_NON_LITERAL_NULL_CONVERSION = YES;
				CLANG_WARN_OBJC_IMPLICIT_RETAIN_SELF = YES;
				CLANG_WARN_OBJC_LITERAL_CONVERSION = YES;
				CLANG_WARN_OBJC_ROOT_CLASS = YES_ERROR;
				CLANG_WARN_QUOTED_INCLUDE_IN_FRAMEWORK_HEADER = YES;
				CLANG_WARN_RANGE_LOOP_ANALYSIS = YES;
				CLANG_WARN_STRICT_PROTOTYPES = YES;
				CLANG_WARN_SUSPICIOUS_MOVE = YES;
				CLANG_WARN_UNGUARDED_AVAILABILITY = YES_AGGRESSIVE;
				CLANG_WARN_UNREACHABLE_CODE = YES;
				CLANG_WARN__DUPLICATE_METHOD_MATCH = YES;
				COPY_PHASE_STRIP = NO;
				DEBUG_INFORMATION_FORMAT = dwarf;
				ENABLE_STRICT_OBJC_MSGSEND = YES;
				ENABLE_TESTABILITY = YES;
				GCC_C_LANGUAGE_STANDARD = gnu11;
				GCC_DYNAMIC_NO_PIC = NO;
				GCC_NO_COMMON_BLOCKS = YES;
				GCC_OPTIMIZATION_LEVEL = 0;
				GCC_PREPROCESSOR_DEFINITIONS = (
					"DEBUG=1",
					"$(inherited)",
				);
				GCC_WARN_64_TO_32_BIT_CONVERSION = YES;
				GCC_WARN_ABOUT_RETURN_TYPE = YES_ERROR;
				GCC_WARN_UNDECLARED_SELECTOR = YES;
				GCC_WARN_UNINITIALIZED_AUTOS = YES_AGGRESSIVE;
				GCC_WARN_UNUSED_FUNCTION = YES;
				GCC_WARN_UNUSED_VARIABLE = YES;
				IPHONEOS_DEPLOYMENT_TARGET = 16.1;
				MTL_ENABLE_DEBUG_INFO = INCLUDE_SOURCE;
				MTL_FAST_MATH = YES;
				ONLY_ACTIVE_ARCH = YES;
				SDKROOT = iphoneos;
				SWIFT_ACTIVE_COMPILATION_CONDITIONS = DEBUG;
				SWIFT_OPTIMIZATION_LEVEL = "-Onone";
			};
			name = Debug;
		};
		60AF71E8291FD9B80094AC35 /* Release */ = {
			isa = XCBuildConfiguration;
			buildSettings = {
				ALWAYS_SEARCH_USER_PATHS = NO;
				CLANG_ANALYZER_NONNULL = YES;
				CLANG_ANALYZER_NUMBER_OBJECT_CONVERSION = YES_AGGRESSIVE;
				CLANG_CXX_LANGUAGE_STANDARD = "gnu++20";
				CLANG_ENABLE_MODULES = YES;
				CLANG_ENABLE_OBJC_ARC = YES;
				CLANG_ENABLE_OBJC_WEAK = YES;
				CLANG_WARN_BLOCK_CAPTURE_AUTORELEASING = YES;
				CLANG_WARN_BOOL_CONVERSION = YES;
				CLANG_WARN_COMMA = YES;
				CLANG_WARN_CONSTANT_CONVERSION = YES;
				CLANG_WARN_DEPRECATED_OBJC_IMPLEMENTATIONS = YES;
				CLANG_WARN_DIRECT_OBJC_ISA_USAGE = YES_ERROR;
				CLANG_WARN_DOCUMENTATION_COMMENTS = YES;
				CLANG_WARN_EMPTY_BODY = YES;
				CLANG_WARN_ENUM_CONVERSION = YES;
				CLANG_WARN_INFINITE_RECURSION = YES;
				CLANG_WARN_INT_CONVERSION = YES;
				CLANG_WARN_NON_LITERAL_NULL_CONVERSION = YES;
				CLANG_WARN_OBJC_IMPLICIT_RETAIN_SELF = YES;
				CLANG_WARN_OBJC_LITERAL_CONVERSION = YES;
				CLANG_WARN_OBJC_ROOT_CLASS = YES_ERROR;
				CLANG_WARN_QUOTED_INCLUDE_IN_FRAMEWORK_HEADER = YES;
				CLANG_WARN_RANGE_LOOP_ANALYSIS = YES;
				CLANG_WARN_STRICT_PROTOTYPES = YES;
				CLANG_WARN_SUSPICIOUS_MOVE = YES;
				CLANG_WARN_UNGUARDED_AVAILABILITY = YES_AGGRESSIVE;
				CLANG_WARN_UNREACHABLE_CODE = YES;
				CLANG_WARN__DUPLICATE_METHOD_MATCH = YES;
				COPY_PHASE_STRIP = NO;
				DEBUG_INFORMATION_FORMAT = "dwarf-with-dsym";
				ENABLE_NS_ASSERTIONS = NO;
				ENABLE_STRICT_OBJC_MSGSEND = YES;
				GCC_C_LANGUAGE_STANDARD = gnu11;
				GCC_NO_COMMON_BLOCKS = YES;
				GCC_WARN_64_TO_32_BIT_CONVERSION = YES;
				GCC_WARN_ABOUT_RETURN_TYPE = YES_ERROR;
				GCC_WARN_UNDECLARED_SELECTOR = YES;
				GCC_WARN_UNINITIALIZED_AUTOS = YES_AGGRESSIVE;
				GCC_WARN_UNUSED_FUNCTION = YES;
				GCC_WARN_UNUSED_VARIABLE = YES;
				IPHONEOS_DEPLOYMENT_TARGET = 16.1;
				MTL_ENABLE_DEBUG_INFO = NO;
				MTL_FAST_MATH = YES;
				SDKROOT = iphoneos;
				SWIFT_COMPILATION_MODE = wholemodule;
				SWIFT_OPTIMIZATION_LEVEL = "-O";
				VALIDATE_PRODUCT = YES;
			};
			name = Release;
		};
		60AF71EA291FD9B80094AC35 /* Debug */ = {
			isa = XCBuildConfiguration;
			buildSettings = {
				ASSETCATALOG_COMPILER_APPICON_NAME = AppIcon;
				ASSETCATALOG_COMPILER_GLOBAL_ACCENT_COLOR_NAME = AccentColor;
				CODE_SIGN_STYLE = Automatic;
				CURRENT_PROJECT_VERSION = 1;
				GENERATE_INFOPLIST_FILE = YES;
				INFOPLIST_FILE = messageTesting/Info.plist;
				INFOPLIST_KEY_UIApplicationSupportsIndirectInputEvents = YES;
				INFOPLIST_KEY_UILaunchStoryboardName = LaunchScreen;
				INFOPLIST_KEY_UIMainStoryboardFile = Main;
				INFOPLIST_KEY_UISupportedInterfaceOrientations_iPad = "UIInterfaceOrientationPortrait UIInterfaceOrientationPortraitUpsideDown UIInterfaceOrientationLandscapeLeft UIInterfaceOrientationLandscapeRight";
				INFOPLIST_KEY_UISupportedInterfaceOrientations_iPhone = "UIInterfaceOrientationPortrait UIInterfaceOrientationLandscapeLeft UIInterfaceOrientationLandscapeRight";
				LD_RUNPATH_SEARCH_PATHS = (
					"$(inherited)",
					"@executable_path/Frameworks",
				);
				MARKETING_VERSION = 1.0;
				PRODUCT_BUNDLE_IDENTIFIER = "csc-hacks.messageTesting";
				PRODUCT_NAME = "$(TARGET_NAME)";
				SWIFT_EMIT_LOC_STRINGS = YES;
				SWIFT_VERSION = 5.0;
				TARGETED_DEVICE_FAMILY = "1,2";
			};
			name = Debug;
		};
		60AF71EB291FD9B80094AC35 /* Release */ = {
			isa = XCBuildConfiguration;
			buildSettings = {
				ASSETCATALOG_COMPILER_APPICON_NAME = AppIcon;
				ASSETCATALOG_COMPILER_GLOBAL_ACCENT_COLOR_NAME = AccentColor;
				CODE_SIGN_STYLE = Automatic;
				CURRENT_PROJECT_VERSION = 1;
				GENERATE_INFOPLIST_FILE = YES;
				INFOPLIST_FILE = messageTesting/Info.plist;
				INFOPLIST_KEY_UIApplicationSupportsIndirectInputEvents = YES;
				INFOPLIST_KEY_UILaunchStoryboardName = LaunchScreen;
				INFOPLIST_KEY_UIMainStoryboardFile = Main;
				INFOPLIST_KEY_UISupportedInterfaceOrientations_iPad = "UIInterfaceOrientationPortrait UIInterfaceOrientationPortraitUpsideDown UIInterfaceOrientationLandscapeLeft UIInterfaceOrientationLandscapeRight";
				INFOPLIST_KEY_UISupportedInterfaceOrientations_iPhone = "UIInterfaceOrientationPortrait UIInterfaceOrientationLandscapeLeft UIInterfaceOrientationLandscapeRight";
				LD_RUNPATH_SEARCH_PATHS = (
					"$(inherited)",
					"@executable_path/Frameworks",
				);
				MARKETING_VERSION = 1.0;
				PRODUCT_BUNDLE_IDENTIFIER = "csc-hacks.messageTesting";
				PRODUCT_NAME = "$(TARGET_NAME)";
				SWIFT_EMIT_LOC_STRINGS = YES;
				SWIFT_VERSION = 5.0;
				TARGETED_DEVICE_FAMILY = "1,2";
			};
			name = Release;
		};
		60AF71ED291FD9B80094AC35 /* Debug */ = {
			isa = XCBuildConfiguration;
			buildSettings = {
				ALWAYS_EMBED_SWIFT_STANDARD_LIBRARIES = YES;
				BUNDLE_LOADER = "$(TEST_HOST)";
				CODE_SIGN_STYLE = Automatic;
				CURRENT_PROJECT_VERSION = 1;
				GENERATE_INFOPLIST_FILE = YES;
				IPHONEOS_DEPLOYMENT_TARGET = 16.1;
				MARKETING_VERSION = 1.0;
				PRODUCT_BUNDLE_IDENTIFIER = "csc-hacks.messageTestingTests";
				PRODUCT_NAME = "$(TARGET_NAME)";
				SWIFT_EMIT_LOC_STRINGS = NO;
				SWIFT_VERSION = 5.0;
				TARGETED_DEVICE_FAMILY = "1,2";
				TEST_HOST = "$(BUILT_PRODUCTS_DIR)/messageTesting.app/$(BUNDLE_EXECUTABLE_FOLDER_PATH)/messageTesting";
			};
			name = Debug;
		};
		60AF71EE291FD9B80094AC35 /* Release */ = {
			isa = XCBuildConfiguration;
			buildSettings = {
				ALWAYS_EMBED_SWIFT_STANDARD_LIBRARIES = YES;
				BUNDLE_LOADER = "$(TEST_HOST)";
				CODE_SIGN_STYLE = Automatic;
				CURRENT_PROJECT_VERSION = 1;
				GENERATE_INFOPLIST_FILE = YES;
				IPHONEOS_DEPLOYMENT_TARGET = 16.1;
				MARKETING_VERSION = 1.0;
				PRODUCT_BUNDLE_IDENTIFIER = "csc-hacks.messageTestingTests";
				PRODUCT_NAME = "$(TARGET_NAME)";
				SWIFT_EMIT_LOC_STRINGS = NO;
				SWIFT_VERSION = 5.0;
				TARGETED_DEVICE_FAMILY = "1,2";
				TEST_HOST = "$(BUILT_PRODUCTS_DIR)/messageTesting.app/$(BUNDLE_EXECUTABLE_FOLDER_PATH)/messageTesting";
			};
			name = Release;
		};
		60AF71F0291FD9B80094AC35 /* Debug */ = {
			isa = XCBuildConfiguration;
			buildSettings = {
				ALWAYS_EMBED_SWIFT_STANDARD_LIBRARIES = YES;
				CODE_SIGN_STYLE = Automatic;
				CURRENT_PROJECT_VERSION = 1;
				GENERATE_INFOPLIST_FILE = YES;
				MARKETING_VERSION = 1.0;
				PRODUCT_BUNDLE_IDENTIFIER = "csc-hacks.messageTestingUITests";
				PRODUCT_NAME = "$(TARGET_NAME)";
				SWIFT_EMIT_LOC_STRINGS = NO;
				SWIFT_VERSION = 5.0;
				TARGETED_DEVICE_FAMILY = "1,2";
				TEST_TARGET_NAME = messageTesting;
			};
			name = Debug;
		};
		60AF71F1291FD9B80094AC35 /* Release */ = {
			isa = XCBuildConfiguration;
			buildSettings = {
				ALWAYS_EMBED_SWIFT_STANDARD_LIBRARIES = YES;
				CODE_SIGN_STYLE = Automatic;
				CURRENT_PROJECT_VERSION = 1;
				GENERATE_INFOPLIST_FILE = YES;
				MARKETING_VERSION = 1.0;
				PRODUCT_BUNDLE_IDENTIFIER = "csc-hacks.messageTestingUITests";
				PRODUCT_NAME = "$(TARGET_NAME)";
				SWIFT_EMIT_LOC_STRINGS = NO;
				SWIFT_VERSION = 5.0;
				TARGETED_DEVICE_FAMILY = "1,2";
				TEST_TARGET_NAME = messageTesting;
			};
			name = Release;
		};
/* End XCBuildConfiguration section */

/* Begin XCConfigurationList section */
		60AF71BA291FD9B30094AC35 /* Build configuration list for PBXProject "messageTesting" */ = {
			isa = XCConfigurationList;
			buildConfigurations = (
				60AF71E7291FD9B80094AC35 /* Debug */,
				60AF71E8291FD9B80094AC35 /* Release */,
			);
			defaultConfigurationIsVisible = 0;
			defaultConfigurationName = Release;
		};
		60AF71E9291FD9B80094AC35 /* Build configuration list for PBXNativeTarget "messageTesting" */ = {
			isa = XCConfigurationList;
			buildConfigurations = (
				60AF71EA291FD9B80094AC35 /* Debug */,
				60AF71EB291FD9B80094AC35 /* Release */,
			);
			defaultConfigurationIsVisible = 0;
			defaultConfigurationName = Release;
		};
		60AF71EC291FD9B80094AC35 /* Build configuration list for PBXNativeTarget "messageTestingTests" */ = {
			isa = XCConfigurationList;
			buildConfigurations = (
				60AF71ED291FD9B80094AC35 /* Debug */,
				60AF71EE291FD9B80094AC35 /* Release */,
			);
			defaultConfigurationIsVisible = 0;
			defaultConfigurationName = Release;
		};
		60AF71EF291FD9B80094AC35 /* Build configuration list for PBXNativeTarget "messageTestingUITests" */ = {
			isa = XCConfigurationList;
			buildConfigurations = (
				60AF71F0291FD9B80094AC35 /* Debug */,
				60AF71F1291FD9B80094AC35 /* Release */,
			);
			defaultConfigurationIsVisible = 0;
			defaultConfigurationName = Release;
		};
/* End XCConfigurationList section */

/* Begin XCRemoteSwiftPackageReference section */
		60AF7207292010810094AC35 /* XCRemoteSwiftPackageReference "firebase-ios-sdk" */ = {
			isa = XCRemoteSwiftPackageReference;
			repositoryURL = "https://github.com/firebase/firebase-ios-sdk";
			requirement = {
				branch = master;
				kind = branch;
			};
		};
		60AF721829202FCA0094AC35 /* XCRemoteSwiftPackageReference "MessageKit" */ = {
			isa = XCRemoteSwiftPackageReference;
			repositoryURL = "https://github.com/MessageKit/MessageKit";
			requirement = {
				kind = upToNextMajorVersion;
				minimumVersion = 4.0.0;
			};
		};
		60AF721B292030270094AC35 /* XCRemoteSwiftPackageReference "JGProgressHUD" */ = {
			isa = XCRemoteSwiftPackageReference;
			repositoryURL = "https://github.com/JonasGessner/JGProgressHUD.git";
			requirement = {
				kind = upToNextMajorVersion;
				minimumVersion = 2.0.0;
			};
		};
		60AF721E292032110094AC35 /* XCRemoteSwiftPackageReference "realm-swift" */ = {
			isa = XCRemoteSwiftPackageReference;
			repositoryURL = "https://github.com/realm/realm-swift.git";
			requirement = {
				branch = master;
				kind = branch;
			};
		};
		60AF7223292035510094AC35 /* XCRemoteSwiftPackageReference "SDWebImage" */ = {
			isa = XCRemoteSwiftPackageReference;
			repositoryURL = "https://github.com/SDWebImage/SDWebImage.git";
			requirement = {
				kind = upToNextMajorVersion;
				minimumVersion = 5.0.0;
			};
		};
/* End XCRemoteSwiftPackageReference section */

/* Begin XCSwiftPackageProductDependency section */
		60639C7729230EFD00C9F1ED /* FirebaseStorage */ = {
			isa = XCSwiftPackageProductDependency;
			package = 60AF7207292010810094AC35 /* XCRemoteSwiftPackageReference "firebase-ios-sdk" */;
			productName = FirebaseStorage;
		};
		60639C7929230F0400C9F1ED /* FirebaseStorageCombine-Community */ = {
			isa = XCSwiftPackageProductDependency;
			package = 60AF7207292010810094AC35 /* XCRemoteSwiftPackageReference "firebase-ios-sdk" */;
			productName = "FirebaseStorageCombine-Community";
		};
		60AF7208292010820094AC35 /* FirebaseAuth */ = {
			isa = XCSwiftPackageProductDependency;
			package = 60AF7207292010810094AC35 /* XCRemoteSwiftPackageReference "firebase-ios-sdk" */;
			productName = FirebaseAuth;
		};
		60AF720A292010820094AC35 /* FirebaseAuthCombine-Community */ = {
			isa = XCSwiftPackageProductDependency;
			package = 60AF7207292010810094AC35 /* XCRemoteSwiftPackageReference "firebase-ios-sdk" */;
			productName = "FirebaseAuthCombine-Community";
		};
		60AF720C292010820094AC35 /* FirebaseDatabase */ = {
			isa = XCSwiftPackageProductDependency;
			package = 60AF7207292010810094AC35 /* XCRemoteSwiftPackageReference "firebase-ios-sdk" */;
			productName = FirebaseDatabase;
		};
		60AF720E292010820094AC35 /* FirebaseDatabaseSwift */ = {
			isa = XCSwiftPackageProductDependency;
			package = 60AF7207292010810094AC35 /* XCRemoteSwiftPackageReference "firebase-ios-sdk" */;
			productName = FirebaseDatabaseSwift;
		};
		60AF7210292010820094AC35 /* FirebaseMessaging */ = {
			isa = XCSwiftPackageProductDependency;
			package = 60AF7207292010810094AC35 /* XCRemoteSwiftPackageReference "firebase-ios-sdk" */;
			productName = FirebaseMessaging;
		};
		60AF721929202FCA0094AC35 /* MessageKit */ = {
			isa = XCSwiftPackageProductDependency;
			package = 60AF721829202FCA0094AC35 /* XCRemoteSwiftPackageReference "MessageKit" */;
			productName = MessageKit;
		};
		60AF721C292030270094AC35 /* JGProgressHUD */ = {
			isa = XCSwiftPackageProductDependency;
			package = 60AF721B292030270094AC35 /* XCRemoteSwiftPackageReference "JGProgressHUD" */;
			productName = JGProgressHUD;
		};
		60AF721F292032110094AC35 /* Realm */ = {
			isa = XCSwiftPackageProductDependency;
			package = 60AF721E292032110094AC35 /* XCRemoteSwiftPackageReference "realm-swift" */;
			productName = Realm;
		};
		60AF7221292032110094AC35 /* RealmSwift */ = {
			isa = XCSwiftPackageProductDependency;
			package = 60AF721E292032110094AC35 /* XCRemoteSwiftPackageReference "realm-swift" */;
			productName = RealmSwift;
		};
		60AF7224292035510094AC35 /* SDWebImage */ = {
			isa = XCSwiftPackageProductDependency;
			package = 60AF7223292035510094AC35 /* XCRemoteSwiftPackageReference "SDWebImage" */;
			productName = SDWebImage;
		};
		60AF7226292035510094AC35 /* SDWebImageMapKit */ = {
			isa = XCSwiftPackageProductDependency;
			package = 60AF7223292035510094AC35 /* XCRemoteSwiftPackageReference "SDWebImage" */;
			productName = SDWebImageMapKit;
		};
/* End XCSwiftPackageProductDependency section */
	};
	rootObject = 60AF71B7291FD9B30094AC35 /* Project object */;
}
